
Microsoft Visual Studio Solution File, Format Version 12.00
# Visual Studio Version 16
VisualStudioVersion = 16.0.29324.140
MinimumVisualStudioVersion = 10.0.40219.1
Project("{9A19103F-16F7-4668-BE54-9A1E7A4F7556}") = "HelloGame", "HelloGame\HelloGame.csproj", "{8450FA66-090C-45C0-81B3-789F72C3F496}"
EndProject
Project("{D954291E-2A0B-460D-934E-DC6B0785DB48}") = "Machina", "Machina\Machina.shproj", "{A0CDBD0E-3A41-42B7-9425-A838BC2C7383}"
EndProject
Global
	GlobalSection(SharedMSBuildProjectFiles) = preSolution
		Machina\Machina.projitems*{8450fa66-090c-45c0-81b3-789f72c3f496}*SharedItemsImports = 5
		Machina\Machina.projitems*{a0cdbd0e-3a41-42b7-9425-a838bc2c7383}*SharedItemsImports = 13
	EndGlobalSection
	GlobalSection(SolutionConfigurationPlatforms) = preSolution
		Debug|Any CPU = Debug|Any CPU
		Release|Any CPU = Release|Any CPU
	EndGlobalSection
	GlobalSection(ProjectConfigurationPlatforms) = postSolution
		{8450FA66-090C-45C0-81B3-789F72C3F496}.Debug|Any CPU.ActiveCfg = Debug|Any CPU
		{8450FA66-090C-45C0-81B3-789F72C3F496}.Debug|Any CPU.Build.0 = Debug|Any CPU
		{8450FA66-090C-45C0-81B3-789F72C3F496}.Release|Any CPU.ActiveCfg = Release|Any CPU
		{8450FA66-090C-45C0-81B3-789F72C3F496}.Release|Any CPU.Build.0 = Release|Any CPU
	EndGlobalSection
	GlobalSection(SolutionProperties) = preSolution
		HideSolutionNode = FALSE
	EndGlobalSection
	GlobalSection(ExtensibilityGlobals) = postSolution
		SolutionGuid = {D16F7BB0-7C9D-4D72-AC51-BF6DDE5F077B}
	EndGlobalSection
EndGlobal
